PODS:
  - AFNetworking (3.1.0):
    - AFNetworking/NSURLSession (= 3.1.0)
    - AFNetworking/Reachability (= 3.1.0)
    - AFNetworking/Security (= 3.1.0)
    - AFNetworking/Serialization (= 3.1.0)
    - AFNetworking/UIKit (= 3.1.0)
  - AFNetworking/NSURLSession (3.1.0):
    - AFNetworking/Reachability
    - AFNetworking/Security
    - AFNetworking/Serialization
  - AFNetworking/Reachability (3.1.0)
  - AFNetworking/Security (3.1.0)
  - AFNetworking/Serialization (3.1.0)
  - AFNetworking/UIKit (3.1.0):
    - AFNetworking/NSURLSession
  - CarbonKit (2.1.6)
  - DACircularProgress (2.3.1)
  - DKNightVersion (2.3.0):
    - DKNightVersion/Core (= 2.3.0)
    - DKNightVersion/CoreAnimation (= 2.3.0)
    - DKNightVersion/UIKit (= 2.3.0)
  - DKNightVersion/Core (2.3.0):
    - DKNightVersion/Core/DeallocBlockExecutor (= 2.3.0)
    - DKNightVersion/Core/extobjc (= 2.3.0)
  - DKNightVersion/Core/DeallocBlockExecutor (2.3.0)
  - DKNightVersion/Core/extobjc (2.3.0)
  - DKNightVersion/CoreAnimation (2.3.0):
    - DKNightVersion/Core
  - DKNightVersion/UIKit (2.3.0):
    - DKNightVersion/Core
  - FDFullscreenPopGesture (1.1)
  - JPush (2.1.6)
  - JSONModel (1.2.0)
  - libextobjc (0.4.1):
    - libextobjc/EXTADT (= 0.4.1)
    - libextobjc/EXTConcreteProtocol (= 0.4.1)
    - libextobjc/EXTKeyPathCoding (= 0.4.1)
    - libextobjc/EXTNil (= 0.4.1)
    - libextobjc/EXTSafeCategory (= 0.4.1)
    - libextobjc/EXTScope (= 0.4.1)
    - libextobjc/EXTSelectorChecking (= 0.4.1)
    - libextobjc/EXTSynthesize (= 0.4.1)
    - libextobjc/NSInvocation+EXT (= 0.4.1)
    - libextobjc/NSMethodSignature+EXT (= 0.4.1)
    - libextobjc/RuntimeExtensions (= 0.4.1)
    - libextobjc/UmbrellaHeader (= 0.4.1)
  - libextobjc/EXTADT (0.4.1):
    - libextobjc/RuntimeExtensions
  - libextobjc/EXTConcreteProtocol (0.4.1):
    - libextobjc/RuntimeExtensions
  - libextobjc/EXTKeyPathCoding (0.4.1):
    - libextobjc/RuntimeExtensions
  - libextobjc/EXTNil (0.4.1):
    - libextobjc/RuntimeExtensions
  - libextobjc/EXTSafeCategory (0.4.1):
    - libextobjc/RuntimeExtensions
  - libextobjc/EXTScope (0.4.1):
    - libextobjc/RuntimeExtensions
  - libextobjc/EXTSelectorChecking (0.4.1):
    - libextobjc/RuntimeExtensions
  - libextobjc/EXTSynthesize (0.4.1):
    - libextobjc/RuntimeExtensions
  - libextobjc/NSInvocation+EXT (0.4.1):
    - libextobjc/RuntimeExtensions
  - libextobjc/NSMethodSignature+EXT (0.4.1):
    - libextobjc/RuntimeExtensions
  - libextobjc/RuntimeExtensions (0.4.1)
  - libextobjc/UmbrellaHeader (0.4.1)
  - Masonry (1.0.0)
  - MJRefresh (3.1.0)
  - SDWebImage (3.7.5):
    - SDWebImage/Core (= 3.7.5)
  - SDWebImage/Core (3.7.5)
  - SVProgressHUD (2.0.3)
  - UMengAnalytics (3.6.6)
  - UMengSocial (5.0)

DEPENDENCIES:
  - AFNetworking (~> 3.1.0)
  - CarbonKit (~> 2.1.6)
  - DACircularProgress (~> 2.3.1)
  - DKNightVersion (~> 2.3.0)
  - FDFullscreenPopGesture (~> 1.1)
  - JPush (~> 2.1.6)
  - JSONModel (~> 1.2.0)
  - libextobjc (~> 0.4.1)
  - Masonry (~> 1.0.0)
  - MJRefresh (~> 3.1.0)
  - SDWebImage (~> 3.7.5)
  - SVProgressHUD (~> 2.0.3)
  - UMengAnalytics (~> 3.6.6)
  - UMengSocial (~> 5.0)

SPEC CHECKSUMS:
  AFNetworking: 5e0e199f73d8626b11e79750991f5d173d1f8b67
  CarbonKit: 101a21d2c50ab9453fa4fcbf29de7c81008d8b65
  DACircularProgress: 4dd437c0fc3da5161cb289e07ac449493d41db71
  DKNightVersion: 459438cbfd14edb9e41a777ff14b18e5661b9269
  FDFullscreenPopGesture: a8a620179e3d9c40e8e00256dcee1c1a27c6d0f0
  JPush: 9732a2a9e6a34729f660d6275704a5803d661e83
  JSONModel: 12523685c4b623553ccf844bbbf7007624317b2c
  libextobjc: a650fc1bf489a3d3a9bc2e621efa3e1006fc5471
  Masonry: b529bb169217897b6354d4b56b1fada6d475b13d
  MJRefresh: 743e6404967d1c2c688472ea3ecfde247d872db4
  SDWebImage: 69c6303e3348fba97e03f65d65d4fbc26740f461
  SVProgressHUD: b0830714205bea1317ea1a2ebc71e5633af334d4
  UMengAnalytics: 4bf831415146b9c57cb10be65fbd43462ef8cf65
  UMengSocial: 48b67179c492a8cf7803fbb0438b8f55432e2fc1

COCOAPODS: 0.39.0
