PODS:
  - AFNetworking (3.1.0):
    - AFNetworking/NSURLSession (= 3.1.0)
    - AFNetworking/Reachability (= 3.1.0)
    - AFNetworking/Security (= 3.1.0)
    - AFNetworking/Serialization (= 3.1.0)
    - AFNetworking/UIKit (= 3.1.0)
  - AFNetworking/NSURLSession (3.1.0):
    - AFNetworking/Reachability
    - AFNetworking/Security
    - AFNetworking/Serialization
  - AFNetworking/Reachability (3.1.0)
  - AFNetworking/Security (3.1.0)
  - AFNetworking/Serialization (3.1.0)
  - AFNetworking/UIKit (3.1.0):
    - AFNetworking/NSURLSession
  - CarbonKit (2.1.8)
  - Colours (5.13.0):
    - Colours/ObjC (= 5.13.0)
  - Colours/ObjC (5.13.0)
  - DACircularProgress (2.3.1)
  - DKNightVersion (2.3.0):
    - DKNightVersion/Core (= 2.3.0)
    - DKNightVersion/CoreAnimation (= 2.3.0)
    - DKNightVersion/UIKit (= 2.3.0)
  - DKNightVersion/Core (2.3.0):
    - DKNightVersion/Core/DeallocBlockExecutor (= 2.3.0)
    - DKNightVersion/Core/extobjc (= 2.3.0)
  - DKNightVersion/Core/DeallocBlockExecutor (2.3.0)
  - DKNightVersion/Core/extobjc (2.3.0)
  - DKNightVersion/CoreAnimation (2.3.0):
    - DKNightVersion/Core
  - DKNightVersion/UIKit (2.3.0):
    - DKNightVersion/Core
  - FLAnimatedImage (1.0.12)
  - FMDB (2.6.2):
    - FMDB/standard (= 2.6.2)
  - FMDB/standard (2.6.2)
  - JPush (2.1.7)
  - JSONModel (1.2.0)
  - libextobjc (0.4.1):
    - libextobjc/EXTADT (= 0.4.1)
    - libextobjc/EXTConcreteProtocol (= 0.4.1)
    - libextobjc/EXTKeyPathCoding (= 0.4.1)
    - libextobjc/EXTNil (= 0.4.1)
    - libextobjc/EXTSafeCategory (= 0.4.1)
    - libextobjc/EXTScope (= 0.4.1)
    - libextobjc/EXTSelectorChecking (= 0.4.1)
    - libextobjc/EXTSynthesize (= 0.4.1)
    - libextobjc/NSInvocation+EXT (= 0.4.1)
    - libextobjc/NSMethodSignature+EXT (= 0.4.1)
    - libextobjc/RuntimeExtensions (= 0.4.1)
    - libextobjc/UmbrellaHeader (= 0.4.1)
  - libextobjc/EXTADT (0.4.1):
    - libextobjc/RuntimeExtensions
  - libextobjc/EXTConcreteProtocol (0.4.1):
    - libextobjc/RuntimeExtensions
  - libextobjc/EXTKeyPathCoding (0.4.1):
    - libextobjc/RuntimeExtensions
  - libextobjc/EXTNil (0.4.1):
    - libextobjc/RuntimeExtensions
  - libextobjc/EXTSafeCategory (0.4.1):
    - libextobjc/RuntimeExtensions
  - libextobjc/EXTScope (0.4.1):
    - libextobjc/RuntimeExtensions
  - libextobjc/EXTSelectorChecking (0.4.1):
    - libextobjc/RuntimeExtensions
  - libextobjc/EXTSynthesize (0.4.1):
    - libextobjc/RuntimeExtensions
  - libextobjc/NSInvocation+EXT (0.4.1):
    - libextobjc/RuntimeExtensions
  - libextobjc/NSMethodSignature+EXT (0.4.1):
    - libextobjc/RuntimeExtensions
  - libextobjc/RuntimeExtensions (0.4.1)
  - libextobjc/UmbrellaHeader (0.4.1)
  - Masonry (1.0.1)
  - MJRefresh (3.1.6)
  - MTGDTMob (4.4.1)
  - NJKWebViewProgress (0.2.3):
    - NJKWebViewProgress/Core (= 0.2.3)
    - NJKWebViewProgress/ProgressView (= 0.2.3)
  - NJKWebViewProgress/Core (0.2.3)
  - NJKWebViewProgress/ProgressView (0.2.3)
  - RSKImageCropper (1.5.1)
  - SDWebImage (3.7.6):
    - SDWebImage/Core (= 3.7.6)
  - SDWebImage/Core (3.7.6)
  - SVProgressHUD (2.0.3)
  - UMengAnalytics (3.6.6)
  - UMengSocial (5.0)

DEPENDENCIES:
  - AFNetworking (~> 3.1.0)
  - CarbonKit (~> 2.1.6)
  - Colours (~> 5.13.0)
  - DACircularProgress (~> 2.3.1)
  - DKNightVersion (~> 2.3.0)
  - FLAnimatedImage (~> 1.0.12)
  - FMDB (~> 2.6.2)
  - JPush (~> 2.1.6)
  - JSONModel (~> 1.2.0)
  - libextobjc (~> 0.4.1)
  - Masonry (~> 1.0.0)
  - MJRefresh (~> 3.1.0)
  - MTGDTMob (~> 4.4.1)
  - NJKWebViewProgress (~> 0.2.3)
  - RSKImageCropper (~> 1.5.1)
  - SDWebImage (~> 3.7.5)
  - SVProgressHUD (~> 2.0.3)
  - UMengAnalytics (~> 3.6.6)
  - UMengSocial (~> 5.0)

SPEC CHECKSUMS:
  AFNetworking: 5e0e199f73d8626b11e79750991f5d173d1f8b67
  CarbonKit: 95d78a09889cc05e36537dd08ec5d73dd55edba4
  Colours: f24220c38f13deac88612667e9b4a7fb96b871d4
  DACircularProgress: 4dd437c0fc3da5161cb289e07ac449493d41db71
  DKNightVersion: 459438cbfd14edb9e41a777ff14b18e5661b9269
  FLAnimatedImage: 4a0b56255d9b05f18b6dd7ee06871be5d3b89e31
  FMDB: 854a0341b4726e53276f2a8996f06f1b80f9259a
  JPush: d37320eba856bf91f2c73989df4abf1e8846db2c
  JSONModel: 12523685c4b623553ccf844bbbf7007624317b2c
  libextobjc: a650fc1bf489a3d3a9bc2e621efa3e1006fc5471
  Masonry: a1a931a0d08870ed8ae415a2ea5ea68ebcac77df
  MJRefresh: 5c69f11e8bde0664e15326d2e61f61e103c6545f
  MTGDTMob: 744078263334271acdf8eb8af16ec0f11bb45f12
  NJKWebViewProgress: f481fd424cb5ecc27eacae11b5397db92fba9a4d
  RSKImageCropper: edd65fedb3734332818deb139906d6b7f54b8a44
  SDWebImage: c325cf02c30337336b95beff20a13df489ec0ec9
  SVProgressHUD: b0830714205bea1317ea1a2ebc71e5633af334d4
  UMengAnalytics: 4bf831415146b9c57cb10be65fbd43462ef8cf65
  UMengSocial: 48b67179c492a8cf7803fbb0438b8f55432e2fc1

COCOAPODS: 0.39.0
